
Microsoft Visual Studio Solution File, Format Version 12.00
# Visual Studio 2012
Project("{FAE04EC0-301F-11D3-BF4B-00C04F79EFBC}") = "RUMExample", "RUMExample\RUMExample.csproj", "{1B95CCEC-DD85-4CAE-8C38-BCBDDC0CBB46}"
EndProject
Project("{FAE04EC0-301F-11D3-BF4B-00C04F79EFBC}") = "RUMExample.Tests", "RUMExample.Tests\RUMExample.Tests.csproj", "{DFB17D63-7315-4E86-912E-D1E977AB6385}"
EndProject
Global
	GlobalSection(SolutionConfigurationPlatforms) = preSolution
		Debug|Any CPU = Debug|Any CPU
		Release|Any CPU = Release|Any CPU
	EndGlobalSection
	GlobalSection(ProjectConfigurationPlatforms) = postSolution
		{1B95CCEC-DD85-4CAE-8C38-BCBDDC0CBB46}.Debug|Any CPU.ActiveCfg = Debug|Any CPU
		{1B95CCEC-DD85-4CAE-8C38-BCBDDC0CBB46}.Debug|Any CPU.Build.0 = Debug|Any CPU
		{1B95CCEC-DD85-4CAE-8C38-BCBDDC0CBB46}.Release|Any CPU.ActiveCfg = Release|Any CPU
		{1B95CCEC-DD85-4CAE-8C38-BCBDDC0CBB46}.Release|Any CPU.Build.0 = Release|Any CPU
		{DFB17D63-7315-4E86-912E-D1E977AB6385}.Debug|Any CPU.ActiveCfg = Debug|Any CPU
		{DFB17D63-7315-4E86-912E-D1E977AB6385}.Debug|Any CPU.Build.0 = Debug|Any CPU
		{DFB17D63-7315-4E86-912E-D1E977AB6385}.Release|Any CPU.ActiveCfg = Release|Any CPU
		{DFB17D63-7315-4E86-912E-D1E977AB6385}.Release|Any CPU.Build.0 = Release|Any CPU
	EndGlobalSection
	GlobalSection(SolutionProperties) = preSolution
		HideSolutionNode = FALSE
	EndGlobalSection
EndGlobal
